Microsoft Visual Studio Solution File, Format Version 12.00
# Visual Studio Version 17
VisualStudioVersion = 17.5.2.0
MinimumVisualStudioVersion = 10.0.40219.1
Project("{FAE04EC0-301F-11D3-BF4B-00C04F79EFBC}") = "BE_eMotoCare.API", "BE_eMotoCare.API.csproj", "{C1E6414B-BDEB-1038-8A3D-D639C12E748C}"
EndProject
Global
	GlobalSection(SolutionConfigurationPlatforms) = preSolution
		Debug|Any CPU = Debug|Any CPU
		Release|Any CPU = Release|Any CPU
	EndGlobalSection
	GlobalSection(ProjectConfigurationPlatforms) = postSolution
		{C1E6414B-BDEB-1038-8A3D-D639C12E748C}.Debug|Any CPU.ActiveCfg = Debug|Any CPU
		{C1E6414B-BDEB-1038-8A3D-D639C12E748C}.Debug|Any CPU.Build.0 = Debug|Any CPU
		{C1E6414B-BDEB-1038-8A3D-D639C12E748C}.Release|Any CPU.ActiveCfg = Release|Any CPU
		{C1E6414B-BDEB-1038-8A3D-D639C12E748C}.Release|Any CPU.Build.0 = Release|Any CPU
	EndGlobalSection
	GlobalSection(SolutionProperties) = preSolution
		HideSolutionNode = FALSE
	EndGlobalSection
	GlobalSection(ExtensibilityGlobals) = postSolution
		SolutionGuid = {15718734-BBF7-4199-B90D-9E4C2A8404BE}
	EndGlobalSection
EndGlobal
